{
    "_readme": [
        "This file locks the dependencies of your project to a known state",
        "Read more about it at https://getcomposer.org/doc/01-basic-usage.md#installing-dependencies",
        "This file is @generated automatically"
    ],
    "content-hash": "270291de3fc06cb5ce4ba1f6c2b09419",
    "packages": [
        {
            "name": "texy/texy",
            "version": "v2.9.2",
            "source": {
                "type": "git",
                "url": "https://github.com/dg/texy.git",
                "reference": "1792af01d09307c6480d38dbbacaa3b67c40bc99"
            },
            "dist": {
                "type": "zip",
                "url": "https://api.github.com/repos/dg/texy/zipball/1792af01d09307c6480d38dbbacaa3b67c40bc99",
                "reference": "1792af01d09307c6480d38dbbacaa3b67c40bc99",
                "shasum": ""
            },
            "require": {
                "php": ">=5.4.4"
            },
            "replace": {
                "dg/texy": "*"
            },
            "require-dev": {
                "nette/tester": "~1.5",
                "tracy/tracy": "^2.4"
            },
            "type": "library",
            "autoload": {
                "classmap": [
                    "src/"
                ],
                "files": [
                    "src/texy.php"
                ]
            },
            "notification-url": "https://packagist.org/downloads/",
            "license": [
                "BSD-3-Clause",
                "GPL-2.0",
                "GPL-3.0"
            ],
            "authors": [
                {
                    "name": "David Grudl",
                    "homepage": "https://davidgrudl.com"
                }
            ],
            "description": "Texy converts plain text in easy to read Texy syntax into structurally valid (X)HTML. It supports adding of images, links, nested lists, tables and has full support for CSS. Texy supports hyphenation of long words (which reflects language rules), clickable emails and URL (emails are obfuscated against spambots), national typographic single and double quotation marks, ellipses, em dashes, dimension sign, nonbreakable spaces (e.g. in phone numbers), acronyms, arrows and many others. Texy code can optionally contain HTML tags.",
            "homepage": "https://texy.info",
            "keywords": [
                "html",
                "markdown",
                "markup language",
                "plain text",
                "text",
                "textile",
                "texy",
                "wiki",
                "xhtml"
            ],
            "time": "2018-06-22T09:50:22+00:00"
        }
    ],
    "packages-dev": [
        {
            "name": "phpstan/phpstan",
            "version": "0.12.52",
            "source": {
                "type": "git",
                "url": "https://github.com/phpstan/phpstan.git",
                "reference": "e96dd5e7ae9aefed663bc7e285ad96792b67eadc"
            },
            "dist": {
                "type": "zip",
                "url": "https://api.github.com/repos/phpstan/phpstan/zipball/e96dd5e7ae9aefed663bc7e285ad96792b67eadc",
                "reference": "e96dd5e7ae9aefed663bc7e285ad96792b67eadc",
                "shasum": ""
            },
            "require": {
                "php": "^7.1|^8.0"
            },
            "conflict": {
                "phpstan/phpstan-shim": "*"
            },
            "bin": [
                "phpstan",
                "phpstan.phar"
            ],
            "type": "library",
            "extra": {
                "branch-alias": {
                    "dev-master": "0.12-dev"
                }
            },
            "autoload": {
                "files": [
                    "bootstrap.php"
                ]
            },
            "notification-url": "https://packagist.org/downloads/",
            "license": [
                "MIT"
            ],
            "description": "PHPStan - PHP Static Analysis Tool",
            "funding": [
                {
                    "url": "https://github.com/ondrejmirtes",
                    "type": "github"
                },
                {
                    "url": "https://www.patreon.com/phpstan",
                    "type": "patreon"
                },
                {
                    "url": "https://tidelift.com/funding/github/packagist/phpstan/phpstan",
                    "type": "tidelift"
                }
            ],
            "time": "2020-10-25T07:23:44+00:00"
        }
    ],
    "aliases": [],
    "minimum-stability": "stable",
    "stability-flags": [],
    "prefer-stable": false,
    "prefer-lowest": false,
    "platform": {
        "php": "7.3"
    },
    "platform-dev": [],
    "platform-overrides": {
        "php": "7.3"
    },
    "plugin-api-version": "1.1.0"
}
